{
  "requires": true,
  "lockfileVersion": 1,
  "dependencies": {
    "@vant/weapp": {
      "version": "1.0.2",
      "resolved": "https://registry.npmjs.org/@vant/weapp/-/weapp-1.0.2.tgz",
      "integrity": "sha512-NERTwTyjgwRhtyuYQzS3a6xSZk6xTeJcDU7t8rxRO+xlBGMdMK9w2VseJUgWPPSftsZrsp6uK5C7aVo06NFbnA=="
    },
    "vant-weapp": {
      "version": "0.5.27",
      "resolved": "https://registry.npmjs.org/vant-weapp/-/vant-weapp-0.5.27.tgz",
      "integrity": "sha512-wmbpPWbpIk/Nl022Yfu0LNV+rSBPxnWTsZePVo6De4FxY3SWw47+Ip6rxLgdnG00/FntbymgvVw4xlaW+WmC+Q=="
    },
    "weui-miniprogram": {
      "version": "0.2.1",
      "resolved": "https://registry.npmjs.org/weui-miniprogram/-/weui-miniprogram-0.2.1.tgz",
      "integrity": "sha512-Of/r4QwmlzMwvpW9BQHcL/KW3WV5kw+7yxCFSob3UIqMpwLxKHuBrQajuCVkM3CbqxIpc0XWyDYnpCWk3VkLYg=="
    }
  }
}
