{
<<<<<<< HEAD
  "name": "applet",
  "version": "1.0.0",
  "lockfileVersion": 1,
  "requires": true,
  "dependencies": {
    "@vant/weapp": {
      "version": "1.0.3",
      "resolved": "https://registry.npmjs.org/@vant/weapp/-/weapp-1.0.3.tgz",
      "integrity": "sha512-q7Bgz1Lyyh6u2V80peXhOtEwTIJWvpqGpJxKSNxtZtP/BP3ktj1jlQJ/Yo8HQfUdGARVdugx8wzo/3RAQkgECw=="
=======
  "requires": true,
  "lockfileVersion": 1,
  "dependencies": {
    "@vant/weapp": {
      "version": "1.0.2",
      "resolved": "https://registry.npmjs.org/@vant/weapp/-/weapp-1.0.2.tgz",
      "integrity": "sha512-NERTwTyjgwRhtyuYQzS3a6xSZk6xTeJcDU7t8rxRO+xlBGMdMK9w2VseJUgWPPSftsZrsp6uK5C7aVo06NFbnA=="
    },
    "calendar": {
      "version": "github:pithyone/calendar.js#a4277590864546525b0abaf36d3e9df1932bf405",
      "from": "github:pithyone/calendar.js"
    },
    "miniprogram-datepicker": {
      "version": "0.3.0",
      "resolved": "https://registry.npmjs.org/miniprogram-datepicker/-/miniprogram-datepicker-0.3.0.tgz",
      "integrity": "sha512-G2JgKIDn/W2E43yx9u0v3tNteK54FZTvqhLFmU75+i8X119p0aOhgd0meTyqZrJ3r20JBR6ZVoyIIuWD0wJjXw==",
      "requires": {
        "calendar": "github:pithyone/calendar.js"
      }
    },
    "weui-miniprogram": {
      "version": "0.2.1",
      "resolved": "https://registry.npmjs.org/weui-miniprogram/-/weui-miniprogram-0.2.1.tgz",
      "integrity": "sha512-Of/r4QwmlzMwvpW9BQHcL/KW3WV5kw+7yxCFSob3UIqMpwLxKHuBrQajuCVkM3CbqxIpc0XWyDYnpCWk3VkLYg=="
>>>>>>> origin/hy
    }
  }
}
