# THIS IS AN AUTOGENERATED FILE. DO NOT EDIT THIS FILE DIRECTLY.
# yarn lockfile v1


vant-weapp@^1.0.0-beta.4:
  version "1.0.0-beta.4"
  resolved "http://r.cnpmjs.org/vant-weapp/download/vant-weapp-1.0.0-beta.4.tgz#32914f5c7f5de1a7a70582c060abe4b1f9f804ba"
  integrity sha1-MpFPXH9d4aenBYLAYKvksfn4BLo=
