# THIS IS AN AUTOGENERATED FILE. DO NOT EDIT THIS FILE DIRECTLY.
# yarn lockfile v1


vant-weapp@^0.5.27:
  version "0.5.27"
  resolved "https://registry.yarnpkg.com/vant-weapp/-/vant-weapp-0.5.27.tgz#b029980dbdcc7f90aff9dc9db8e2bac5ef118d1b"
  integrity sha512-wmbpPWbpIk/Nl022Yfu0LNV+rSBPxnWTsZePVo6De4FxY3SWw47+Ip6rxLgdnG00/FntbymgvVw4xlaW+WmC+Q==
